Microsoft Visual Studio Solution File, Format Version 12.00
# Visual Studio Version 17
VisualStudioVersion = 17.5.2.0
MinimumVisualStudioVersion = 10.0.40219.1
Project("{FAE04EC0-301F-11D3-BF4B-00C04F79EFBC}") = "gft-bootcamp", "gft-bootcamp.csproj", "{12417FF0-9050-28E6-B602-146A66CF10BB}"
EndProject
Global
	GlobalSection(SolutionConfigurationPlatforms) = preSolution
		Debug|Any CPU = Debug|Any CPU
		Release|Any CPU = Release|Any CPU
	EndGlobalSection
	GlobalSection(ProjectConfigurationPlatforms) = postSolution
		{12417FF0-9050-28E6-B602-146A66CF10BB}.Debug|Any CPU.ActiveCfg = Debug|Any CPU
		{12417FF0-9050-28E6-B602-146A66CF10BB}.Debug|Any CPU.Build.0 = Debug|Any CPU
		{12417FF0-9050-28E6-B602-146A66CF10BB}.Release|Any CPU.ActiveCfg = Release|Any CPU
		{12417FF0-9050-28E6-B602-146A66CF10BB}.Release|Any CPU.Build.0 = Release|Any CPU
	EndGlobalSection
	GlobalSection(SolutionProperties) = preSolution
		HideSolutionNode = FALSE
	EndGlobalSection
	GlobalSection(ExtensibilityGlobals) = postSolution
		SolutionGuid = {576C6779-1EF0-4859-9555-6DB1A0423341}
	EndGlobalSection
EndGlobal
